<Solution>
  <Project Path="Ejercicio1_Abstraccion/Ejercicio1_Abstraccion.csproj" />
  <Project Path="Ejercicio2_Encapsulacion/Ejercicio2_Encapsulacion.csproj" />
  <Project Path="Ejercicio3_HerenciaSimple/Ejercicio3_HerenciaSimple.csproj" />
  <Project Path="Ejercicio4_Polimorfismo/Ejercicio4_Polimorfismo.csproj" />
  <Project Path="Ejercicio5_HerenciaMultinivel/Ejercicio5_HerenciaMultinivel.csproj" />
</Solution>
